// !$*UTF8*$!
{
	archiveVersion = 1;
	classes = {
	};
	objectVersion = 50;
	objects = {

/* Begin PBXBuildFile section */
		87BB58A8262C36A300C8E46A /* MyFirstApp.swift in Sources */ = {isa = PBXBuildFile; fileRef = 87BB58A7262C36A300C8E46A /* MyFirstApp.swift */; };
		87BB58AA262C36A300C8E46A /* ContentView.swift in Sources */ = {isa = PBXBuildFile; fileRef = 87BB58A9262C36A300C8E46A /* ContentView.swift */; };
		87BB58AC262C36A400C8E46A /* Assets.xcassets in Resources */ = {isa = PBXBuildFile; fileRef = 87BB58AB262C36A400C8E46A /* Assets.xcassets */; };
		87BB58AF262C36A400C8E46A /* Preview Assets.xcassets in Resources */ = {isa = PBXBuildFile; fileRef = 87BB58AE262C36A400C8E46A /* Preview Assets.xcassets */; };
		87BB58B1262C36A400C8E46A /* Persistence.swift in Sources */ = {isa = PBXBuildFile; fileRef = 87BB58B0262C36A400C8E46A /* Persistence.swift */; };
		87BB58B4262C36A400C8E46A /* MyFirst.xcdatamodeld in Sources */ = {isa = PBXBuildFile; fileRef = 87BB58B2262C36A400C8E46A /* MyFirst.xcdatamodeld */; };
		87BB58BF262C36A400C8E46A /* MyFirstTests.swift in Sources */ = {isa = PBXBuildFile; fileRef = 87BB58BE262C36A400C8E46A /* MyFirstTests.swift */; };
		87BB58CA262C36A400C8E46A /* MyFirstUITests.swift in Sources */ = {isa = PBXBuildFile; fileRef = 87BB58C9262C36A400C8E46A /* MyFirstUITests.swift */; };
/* End PBXBuildFile section */

/* Begin PBXContainerItemProxy section */
		87BB58BB262C36A400C8E46A /* PBXContainerItemProxy */ = {
			isa = PBXContainerItemProxy;
			containerPortal = 87BB589C262C36A300C8E46A /* Project object */;
			proxyType = 1;
			remoteGlobalIDString = 87BB58A3262C36A300C8E46A;
			remoteInfo = MyFirst;
		};
		87BB58C6262C36A400C8E46A /* PBXContainerItemProxy */ = {
			isa = PBXContainerItemProxy;
			containerPortal = 87BB589C262C36A300C8E46A /* Project object */;
			proxyType = 1;
			remoteGlobalIDString = 87BB58A3262C36A300C8E46A;
			remoteInfo = MyFirst;
		};
/* End PBXContainerItemProxy section */

/* Begin PBXFileReference section */
		87BB58A4262C36A300C8E46A /* MyFirst.app */ = {isa = PBXFileReference; explicitFileType = wrapper.application; includeInIndex = 0; path = MyFirst.app; sourceTree = BUILT_PRODUCTS_DIR; };
		87BB58A7262C36A300C8E46A /* MyFirstApp.swift */ = {isa = PBXFileReference; lastKnownFileType = sourcecode.swift; path = MyFirstApp.swift; sourceTree = "<group>"; };
		87BB58A9262C36A300C8E46A /* ContentView.swift */ = {isa = PBXFileReference; lastKnownFileType = sourcecode.swift; path = ContentView.swift; sourceTree = "<group>"; };
		87BB58AB262C36A400C8E46A /* Assets.xcassets */ = {isa = PBXFileReference; lastKnownFileType = folder.assetcatalog; path = Assets.xcassets; sourceTree = "<group>"; };
		87BB58AE262C36A400C8E46A /* Preview Assets.xcassets */ = {isa = PBXFileReference; lastKnownFileType = folder.assetcatalog; path = "Preview Assets.xcassets"; sourceTree = "<group>"; };
		87BB58B0262C36A400C8E46A /* Persistence.swift */ = {isa = PBXFileReference; lastKnownFileType = sourcecode.swift; path = Persistence.swift; sourceTree = "<group>"; };
		87BB58B3262C36A400C8E46A /* MyFirst.xcdatamodel */ = {isa = PBXFileReference; lastKnownFileType = wrapper.xcdatamodel; path = MyFirst.xcdatamodel; sourceTree = "<group>"; };
		87BB58B5262C36A400C8E46A /* Info.plist */ = {isa = PBXFileReference; lastKnownFileType = text.plist.xml; path = Info.plist; sourceTree = "<group>"; };
		87BB58BA262C36A400C8E46A /* MyFirstTests.xctest */ = {isa = PBXFileReference; explicitFileType = wrapper.cfbundle; includeInIndex = 0; path = MyFirstTests.xctest; sourceTree = BUILT_PRODUCTS_DIR; };
		87BB58BE262C36A400C8E46A /* MyFirstTests.swift */ = {isa = PBXFileReference; lastKnownFileType = sourcecode.swift; path = MyFirstTests.swift; sourceTree = "<group>"; };
		87BB58C0262C36A400C8E46A /* Info.plist */ = {isa = PBXFileReference; lastKnownFileType = text.plist.xml; path = Info.plist; sourceTree = "<group>"; };
		87BB58C5262C36A400C8E46A /* MyFirstUITests.xctest */ = {isa = PBXFileReference; explicitFileType = wrapper.cfbundle; includeInIndex = 0; path = MyFirstUITests.xctest; sourceTree = BUILT_PRODUCTS_DIR; };
		87BB58C9262C36A400C8E46A /* MyFirstUITests.swift */ = {isa = PBXFileReference; lastKnownFileType = sourcecode.swift; path = MyFirstUITests.swift; sourceTree = "<group>"; };
		87BB58CB262C36A400C8E46A /* Info.plist */ = {isa = PBXFileReference; lastKnownFileType = text.plist.xml; path = Info.plist; sourceTree = "<group>"; };
/* End PBXFileReference section */

/* Begin PBXFrameworksBuildPhase section */
		87BB58A1262C36A300C8E46A /* Frameworks */ = {
			isa = PBXFrameworksBuildPhase;
			buildActionMask = 2147483647;
			files = (
			);
			runOnlyForDeploymentPostprocessing = 0;
		};
		87BB58B7262C36A400C8E46A /* Frameworks */ = {
			isa = PBXFrameworksBuildPhase;
			buildActionMask = 2147483647;
			files = (
			);
			runOnlyForDeploymentPostprocessing = 0;
		};
		87BB58C2262C36A400C8E46A /* Frameworks */ = {
			isa = PBXFrameworksBuildPhase;
			buildActionMask = 2147483647;
			files = (
			);
			runOnlyForDeploymentPostprocessing = 0;
		};
/* End PBXFrameworksBuildPhase section */

/* Begin PBXGroup section */
		87BB589B262C36A300C8E46A = {
			isa = PBXGroup;
			children = (
				87BB58A6262C36A300C8E46A /* MyFirst */,
				87BB58BD262C36A400C8E46A /* MyFirstTests */,
				87BB58C8262C36A400C8E46A /* MyFirstUITests */,
				87BB58A5262C36A300C8E46A /* Products */,
			);
			sourceTree = "<group>";
		};
		87BB58A5262C36A300C8E46A /* Products */ = {
			isa = PBXGroup;
			children = (
				87BB58A4262C36A300C8E46A /* MyFirst.app */,
				87BB58BA262C36A400C8E46A /* MyFirstTests.xctest */,
				87BB58C5262C36A400C8E46A /* MyFirstUITests.xctest */,
			);
			name = Products;
			sourceTree = "<group>";
		};
		87BB58A6262C36A300C8E46A /* MyFirst */ = {
			isa = PBXGroup;
			children = (
				87BB58A7262C36A300C8E46A /* MyFirstApp.swift */,
				87BB58A9262C36A300C8E46A /* ContentView.swift */,
				87BB58AB262C36A400C8E46A /* Assets.xcassets */,
				87BB58B0262C36A400C8E46A /* Persistence.swift */,
				87BB58B5262C36A400C8E46A /* Info.plist */,
				87BB58B2262C36A400C8E46A /* MyFirst.xcdatamodeld */,
				87BB58AD262C36A400C8E46A /* Preview Content */,
			);
			path = MyFirst;
			sourceTree = "<group>";
		};
		87BB58AD262C36A400C8E46A /* Preview Content */ = {
			isa = PBXGroup;
			children = (
				87BB58AE262C36A400C8E46A /* Preview Assets.xcassets */,
			);
			path = "Preview Content";
			sourceTree = "<group>";
		};
		87BB58BD262C36A400C8E46A /* MyFirstTests */ = {
			isa = PBXGroup;
			children = (
				87BB58BE262C36A400C8E46A /* MyFirstTests.swift */,
				87BB58C0262C36A400C8E46A /* Info.plist */,
			);
			path = MyFirstTests;
			sourceTree = "<group>";
		};
		87BB58C8262C36A400C8E46A /* MyFirstUITests */ = {
			isa = PBXGroup;
			children = (
				87BB58C9262C36A400C8E46A /* MyFirstUITests.swift */,
				87BB58CB262C36A400C8E46A /* Info.plist */,
			);
			path = MyFirstUITests;
			sourceTree = "<group>";
		};
/* End PBXGroup section */

/* Begin PBXNativeTarget section */
		87BB58A3262C36A300C8E46A /* MyFirst */ = {
			isa = PBXNativeTarget;
			buildConfigurationList = 87BB58CE262C36A400C8E46A /* Build configuration list for PBXNativeTarget "MyFirst" */;
			buildPhases = (
				87BB58A0262C36A300C8E46A /* Sources */,
				87BB58A1262C36A300C8E46A /* Frameworks */,
				87BB58A2262C36A300C8E46A /* Resources */,
			);
			buildRules = (
			);
			dependencies = (
			);
			name = MyFirst;
			productName = MyFirst;
			productReference = 87BB58A4262C36A300C8E46A /* MyFirst.app */;
			productType = "com.apple.product-type.application";
		};
		87BB58B9262C36A400C8E46A /* MyFirstTests */ = {
			isa = PBXNativeTarget;
			buildConfigurationList = 87BB58D1262C36A400C8E46A /* Build configuration list for PBXNativeTarget "MyFirstTests" */;
			buildPhases = (
				87BB58B6262C36A400C8E46A /* Sources */,
				87BB58B7262C36A400C8E46A /* Frameworks */,
				87BB58B8262C36A400C8E46A /* Resources */,
			);
			buildRules = (
			);
			dependencies = (
				87BB58BC262C36A400C8E46A /* PBXTargetDependency */,
			);
			name = MyFirstTests;
			productName = MyFirstTests;
			productReference = 87BB58BA262C36A400C8E46A /* MyFirstTests.xctest */;
			productType = "com.apple.product-type.bundle.unit-test";
		};
		87BB58C4262C36A400C8E46A /* MyFirstUITests */ = {
			isa = PBXNativeTarget;
			buildConfigurationList = 87BB58D4262C36A400C8E46A /* Build configuration list for PBXNativeTarget "MyFirstUITests" */;
			buildPhases = (
				87BB58C1262C36A400C8E46A /* Sources */,
				87BB58C2262C36A400C8E46A /* Frameworks */,
				87BB58C3262C36A400C8E46A /* Resources */,
			);
			buildRules = (
			);
			dependencies = (
				87BB58C7262C36A400C8E46A /* PBXTargetDependency */,
			);
			name = MyFirstUITests;
			productName = MyFirstUITests;
			productReference = 87BB58C5262C36A400C8E46A /* MyFirstUITests.xctest */;
			productType = "com.apple.product-type.bundle.ui-testing";
		};
/* End PBXNativeTarget section */

/* Begin PBXProject section */
		87BB589C262C36A300C8E46A /* Project object */ = {
			isa = PBXProject;
			attributes = {
				LastSwiftUpdateCheck = 1240;
				LastUpgradeCheck = 1240;
				TargetAttributes = {
					87BB58A3262C36A300C8E46A = {
						CreatedOnToolsVersion = 12.4;
					};
					87BB58B9262C36A400C8E46A = {
						CreatedOnToolsVersion = 12.4;
						TestTargetID = 87BB58A3262C36A300C8E46A;
					};
					87BB58C4262C36A400C8E46A = {
						CreatedOnToolsVersion = 12.4;
						TestTargetID = 87BB58A3262C36A300C8E46A;
					};
				};
			};
			buildConfigurationList = 87BB589F262C36A300C8E46A /* Build configuration list for PBXProject "MyFirst" */;
			compatibilityVersion = "Xcode 9.3";
			developmentRegion = en;
			hasScannedForEncodings = 0;
			knownRegions = (
				en,
				Base,
			);
			mainGroup = 87BB589B262C36A300C8E46A;
			productRefGroup = 87BB58A5262C36A300C8E46A /* Products */;
			projectDirPath = "";
			projectRoot = "";
			targets = (
				87BB58A3262C36A300C8E46A /* MyFirst */,
				87BB58B9262C36A400C8E46A /* MyFirstTests */,
				87BB58C4262C36A400C8E46A /* MyFirstUITests */,
			);
		};
/* End PBXProject section */

/* Begin PBXResourcesBuildPhase section */
		87BB58A2262C36A300C8E46A /* Resources */ = {
			isa = PBXResourcesBuildPhase;
			buildActionMask = 2147483647;
			files = (
				87BB58AF262C36A400C8E46A /* Preview Assets.xcassets in Resources */,
				87BB58AC262C36A400C8E46A /* Assets.xcassets in Resources */,
			);
			runOnlyForDeploymentPostprocessing = 0;
		};
		87BB58B8262C36A400C8E46A /* Resources */ = {
			isa = PBXResourcesBuildPhase;
			buildActionMask = 2147483647;
			files = (
			);
			runOnlyForDeploymentPostprocessing = 0;
		};
		87BB58C3262C36A400C8E46A /* Resources */ = {
			isa = PBXResourcesBuildPhase;
			buildActionMask = 2147483647;
			files = (
			);
			runOnlyForDeploymentPostprocessing = 0;
		};
/* End PBXResourcesBuildPhase section */

/* Begin PBXSourcesBuildPhase section */
		87BB58A0262C36A300C8E46A /* Sources */ = {
			isa = PBXSourcesBuildPhase;
			buildActionMask = 2147483647;
			files = (
				87BB58B1262C36A400C8E46A /* Persistence.swift in Sources */,
				87BB58AA262C36A300C8E46A /* ContentView.swift in Sources */,
				87BB58B4262C36A400C8E46A /* MyFirst.xcdatamodeld in Sources */,
				87BB58A8262C36A300C8E46A /* MyFirstApp.swift in Sources */,
			);
			runOnlyForDeploymentPostprocessing = 0;
		};
		87BB58B6262C36A400C8E46A /* Sources */ = {
			isa = PBXSourcesBuildPhase;
			buildActionMask = 2147483647;
			files = (
				87BB58BF262C36A400C8E46A /* MyFirstTests.swift in Sources */,
			);
			runOnlyForDeploymentPostprocessing = 0;
		};
		87BB58C1262C36A400C8E46A /* Sources */ = {
			isa = PBXSourcesBuildPhase;
			buildActionMask = 2147483647;
			files = (
				87BB58CA262C36A400C8E46A /* MyFirstUITests.swift in Sources */,
			);
			runOnlyForDeploymentPostprocessing = 0;
		};
/* End PBXSourcesBuildPhase section */

/* Begin PBXTargetDependency section */
		87BB58BC262C36A400C8E46A /* PBXTargetDependency */ = {
			isa = PBXTargetDependency;
			target = 87BB58A3262C36A300C8E46A /* MyFirst */;
			targetProxy = 87BB58BB262C36A400C8E46A /* PBXContainerItemProxy */;
		};
		87BB58C7262C36A400C8E46A /* PBXTargetDependency */ = {
			isa = PBXTargetDependency;
			target = 87BB58A3262C36A300C8E46A /* MyFirst */;
			targetProxy = 87BB58C6262C36A400C8E46A /* PBXContainerItemProxy */;
		};
/* End PBXTargetDependency section */

/* Begin XCBuildConfiguration section */
		87BB58CC262C36A400C8E46A /* Debug */ = {
			isa = XCBuildConfiguration;
			buildSettings = {
				ALWAYS_SEARCH_USER_PATHS = NO;
				CLANG_ANALYZER_NONNULL = YES;
				CLANG_ANALYZER_NUMBER_OBJECT_CONVERSION = YES_AGGRESSIVE;
				CLANG_CXX_LANGUAGE_STANDARD = "gnu++14";
				CLANG_CXX_LIBRARY = "libc++";
				CLANG_ENABLE_MODULES = YES;
				CLANG_ENABLE_OBJC_ARC = YES;
				CLANG_ENABLE_OBJC_WEAK = YES;
				CLANG_WARN_BLOCK_CAPTURE_AUTORELEASING = YES;
				CLANG_WARN_BOOL_CONVERSION = YES;
				CLANG_WARN_COMMA = YES;
				CLANG_WARN_CONSTANT_CONVERSION = YES;
				CLANG_WARN_DEPRECATED_OBJC_IMPLEMENTATIONS = YES;
				CLANG_WARN_DIRECT_OBJC_ISA_USAGE = YES_ERROR;
				CLANG_WARN_DOCUMENTATION_COMMENTS = YES;
				CLANG_WARN_EMPTY_BODY = YES;
				CLANG_WARN_ENUM_CONVERSION = YES;
				CLANG_WARN_INFINITE_RECURSION = YES;
				CLANG_WARN_INT_CONVERSION = YES;
				CLANG_WARN_NON_LITERAL_NULL_CONVERSION = YES;
				CLANG_WARN_OBJC_IMPLICIT_RETAIN_SELF = YES;
				CLANG_WARN_OBJC_LITERAL_CONVERSION = YES;
				CLANG_WARN_OBJC_ROOT_CLASS = YES_ERROR;
				CLANG_WARN_QUOTED_INCLUDE_IN_FRAMEWORK_HEADER = YES;
				CLANG_WARN_RANGE_LOOP_ANALYSIS = YES;
				CLANG_WARN_STRICT_PROTOTYPES = YES;
				CLANG_WARN_SUSPICIOUS_MOVE = YES;
				CLANG_WARN_UNGUARDED_AVAILABILITY = YES_AGGRESSIVE;
				CLANG_WARN_UNREACHABLE_CODE = YES;
				CLANG_WARN__DUPLICATE_METHOD_MATCH = YES;
				COPY_PHASE_STRIP = NO;
				DEBUG_INFORMATION_FORMAT = dwarf;
				ENABLE_STRICT_OBJC_MSGSEND = YES;
				ENABLE_TESTABILITY = YES;
				GCC_C_LANGUAGE_STANDARD = gnu11;
				GCC_DYNAMIC_NO_PIC = NO;
				GCC_NO_COMMON_BLOCKS = YES;
				GCC_OPTIMIZATION_LEVEL = 0;
				GCC_PREPROCESSOR_DEFINITIONS = (
					"DEBUG=1",
					"$(inherited)",
				);
				GCC_WARN_64_TO_32_BIT_CONVERSION = YES;
				GCC_WARN_ABOUT_RETURN_TYPE = YES_ERROR;
				GCC_WARN_UNDECLARED_SELECTOR = YES;
				GCC_WARN_UNINITIALIZED_AUTOS = YES_AGGRESSIVE;
				GCC_WARN_UNUSED_FUNCTION = YES;
				GCC_WARN_UNUSED_VARIABLE = YES;
				IPHONEOS_DEPLOYMENT_TARGET = 14.4;
				MTL_ENABLE_DEBUG_INFO = INCLUDE_SOURCE;
				MTL_FAST_MATH = YES;
				ONLY_ACTIVE_ARCH = YES;
				SDKROOT = iphoneos;
				SWIFT_ACTIVE_COMPILATION_CONDITIONS = DEBUG;
				SWIFT_OPTIMIZATION_LEVEL = "-Onone";
			};
			name = Debug;
		};
		87BB58CD262C36A400C8E46A /* Release */ = {
			isa = XCBuildConfiguration;
			buildSettings = {
				ALWAYS_SEARCH_USER_PATHS = NO;
				CLANG_ANALYZER_NONNULL = YES;
				CLANG_ANALYZER_NUMBER_OBJECT_CONVERSION = YES_AGGRESSIVE;
				CLANG_CXX_LANGUAGE_STANDARD = "gnu++14";
				CLANG_CXX_LIBRARY = "libc++";
				CLANG_ENABLE_MODULES = YES;
				CLANG_ENABLE_OBJC_ARC = YES;
				CLANG_ENABLE_OBJC_WEAK = YES;
				CLANG_WARN_BLOCK_CAPTURE_AUTORELEASING = YES;
				CLANG_WARN_BOOL_CONVERSION = YES;
				CLANG_WARN_COMMA = YES;
				CLANG_WARN_CONSTANT_CONVERSION = YES;
				CLANG_WARN_DEPRECATED_OBJC_IMPLEMENTATIONS = YES;
				CLANG_WARN_DIRECT_OBJC_ISA_USAGE = YES_ERROR;
				CLANG_WARN_DOCUMENTATION_COMMENTS = YES;
				CLANG_WARN_EMPTY_BODY = YES;
				CLANG_WARN_ENUM_CONVERSION = YES;
				CLANG_WARN_INFINITE_RECURSION = YES;
				CLANG_WARN_INT_CONVERSION = YES;
				CLANG_WARN_NON_LITERAL_NULL_CONVERSION = YES;
				CLANG_WARN_OBJC_IMPLICIT_RETAIN_SELF = YES;
				CLANG_WARN_OBJC_LITERAL_CONVERSION = YES;
				CLANG_WARN_OBJC_ROOT_CLASS = YES_ERROR;
				CLANG_WARN_QUOTED_INCLUDE_IN_FRAMEWORK_HEADER = YES;
				CLANG_WARN_RANGE_LOOP_ANALYSIS = YES;
				CLANG_WARN_STRICT_PROTOTYPES = YES;
				CLANG_WARN_SUSPICIOUS_MOVE = YES;
				CLANG_WARN_UNGUARDED_AVAILABILITY = YES_AGGRESSIVE;
				CLANG_WARN_UNREACHABLE_CODE = YES;
				CLANG_WARN__DUPLICATE_METHOD_MATCH = YES;
				COPY_PHASE_STRIP = NO;
				DEBUG_INFORMATION_FORMAT = "dwarf-with-dsym";
				ENABLE_NS_ASSERTIONS = NO;
				ENABLE_STRICT_OBJC_MSGSEND = YES;
				GCC_C_LANGUAGE_STANDARD = gnu11;
				GCC_NO_COMMON_BLOCKS = YES;
				GCC_WARN_64_TO_32_BIT_CONVERSION = YES;
				GCC_WARN_ABOUT_RETURN_TYPE = YES_ERROR;
				GCC_WARN_UNDECLARED_SELECTOR = YES;
				GCC_WARN_UNINITIALIZED_AUTOS = YES_AGGRESSIVE;
				GCC_WARN_UNUSED_FUNCTION = YES;
				GCC_WARN_UNUSED_VARIABLE = YES;
				IPHONEOS_DEPLOYMENT_TARGET = 14.4;
				MTL_ENABLE_DEBUG_INFO = NO;
				MTL_FAST_MATH = YES;
				SDKROOT = iphoneos;
				SWIFT_COMPILATION_MODE = wholemodule;
				SWIFT_OPTIMIZATION_LEVEL = "-O";
				VALIDATE_PRODUCT = YES;
			};
			name = Release;
		};
		87BB58CF262C36A400C8E46A /* Debug */ = {
			isa = XCBuildConfiguration;
			buildSettings = {
				ASSETCATALOG_COMPILER_APPICON_NAME = AppIcon;
				ASSETCATALOG_COMPILER_GLOBAL_ACCENT_COLOR_NAME = AccentColor;
				CODE_SIGN_STYLE = Automatic;
				DEVELOPMENT_ASSET_PATHS = "\"MyFirst/Preview Content\"";
				ENABLE_PREVIEWS = YES;
				INFOPLIST_FILE = MyFirst/Info.plist;
				IPHONEOS_DEPLOYMENT_TARGET = 14.0;
				LD_RUNPATH_SEARCH_PATHS = (
					"$(inherited)",
					"@executable_path/Frameworks",
				);
				PRODUCT_BUNDLE_IDENTIFIER = "sisyamo2236-gmail.com.MyFirst";
				PRODUCT_NAME = "$(TARGET_NAME)";
				SWIFT_VERSION = 5.0;
				TARGETED_DEVICE_FAMILY = "1,2";
			};
			name = Debug;
		};
		87BB58D0262C36A400C8E46A /* Release */ = {
			isa = XCBuildConfiguration;
			buildSettings = {
				ASSETCATALOG_COMPILER_APPICON_NAME = AppIcon;
				ASSETCATALOG_COMPILER_GLOBAL_ACCENT_COLOR_NAME = AccentColor;
				CODE_SIGN_STYLE = Automatic;
				DEVELOPMENT_ASSET_PATHS = "\"MyFirst/Preview Content\"";
				ENABLE_PREVIEWS = YES;
				INFOPLIST_FILE = MyFirst/Info.plist;
				IPHONEOS_DEPLOYMENT_TARGET = 14.0;
				LD_RUNPATH_SEARCH_PATHS = (
					"$(inherited)",
					"@executable_path/Frameworks",
				);
				PRODUCT_BUNDLE_IDENTIFIER = "sisyamo2236-gmail.com.MyFirst";
				PRODUCT_NAME = "$(TARGET_NAME)";
				SWIFT_VERSION = 5.0;
				TARGETED_DEVICE_FAMILY = "1,2";
			};
			name = Release;
		};
		87BB58D2262C36A400C8E46A /* Debug */ = {
			isa = XCBuildConfiguration;
			buildSettings = {
				ALWAYS_EMBED_SWIFT_STANDARD_LIBRARIES = YES;
				BUNDLE_LOADER = "$(TEST_HOST)";
				CODE_SIGN_STYLE = Automatic;
				INFOPLIST_FILE = MyFirstTests/Info.plist;
				IPHONEOS_DEPLOYMENT_TARGET = 14.0;
				LD_RUNPATH_SEARCH_PATHS = (
					"$(inherited)",
					"@executable_path/Frameworks",
					"@loader_path/Frameworks",
				);
				PRODUCT_BUNDLE_IDENTIFIER = "sisyamo2236-gmail.com.MyFirstTests";
				PRODUCT_NAME = "$(TARGET_NAME)";
				SWIFT_VERSION = 5.0;
				TARGETED_DEVICE_FAMILY = "1,2";
				TEST_HOST = "$(BUILT_PRODUCTS_DIR)/MyFirst.app/MyFirst";
			};
			name = Debug;
		};
		87BB58D3262C36A400C8E46A /* Release */ = {
			isa = XCBuildConfiguration;
			buildSettings = {
				ALWAYS_EMBED_SWIFT_STANDARD_LIBRARIES = YES;
				BUNDLE_LOADER = "$(TEST_HOST)";
				CODE_SIGN_STYLE = Automatic;
				INFOPLIST_FILE = MyFirstTests/Info.plist;
				IPHONEOS_DEPLOYMENT_TARGET = 14.0;
				LD_RUNPATH_SEARCH_PATHS = (
					"$(inherited)",
					"@executable_path/Frameworks",
					"@loader_path/Frameworks",
				);
				PRODUCT_BUNDLE_IDENTIFIER = "sisyamo2236-gmail.com.MyFirstTests";
				PRODUCT_NAME = "$(TARGET_NAME)";
				SWIFT_VERSION = 5.0;
				TARGETED_DEVICE_FAMILY = "1,2";
				TEST_HOST = "$(BUILT_PRODUCTS_DIR)/MyFirst.app/MyFirst";
			};
			name = Release;
		};
		87BB58D5262C36A400C8E46A /* Debug */ = {
			isa = XCBuildConfiguration;
			buildSettings = {
				ALWAYS_EMBED_SWIFT_STANDARD_LIBRARIES = YES;
				CODE_SIGN_STYLE = Automatic;
				INFOPLIST_FILE = MyFirstUITests/Info.plist;
				LD_RUNPATH_SEARCH_PATHS = (
					"$(inherited)",
					"@executable_path/Frameworks",
					"@loader_path/Frameworks",
				);
				PRODUCT_BUNDLE_IDENTIFIER = "sisyamo2236-gmail.com.MyFirstUITests";
				PRODUCT_NAME = "$(TARGET_NAME)";
				SWIFT_VERSION = 5.0;
				TARGETED_DEVICE_FAMILY = "1,2";
				TEST_TARGET_NAME = MyFirst;
			};
			name = Debug;
		};
		87BB58D6262C36A400C8E46A /* Release */ = {
			isa = XCBuildConfiguration;
			buildSettings = {
				ALWAYS_EMBED_SWIFT_STANDARD_LIBRARIES = YES;
				CODE_SIGN_STYLE = Automatic;
				INFOPLIST_FILE = MyFirstUITests/Info.plist;
				LD_RUNPATH_SEARCH_PATHS = (
					"$(inherited)",
					"@executable_path/Frameworks",
					"@loader_path/Frameworks",
				);
				PRODUCT_BUNDLE_IDENTIFIER = "sisyamo2236-gmail.com.MyFirstUITests";
				PRODUCT_NAME = "$(TARGET_NAME)";
				SWIFT_VERSION = 5.0;
				TARGETED_DEVICE_FAMILY = "1,2";
				TEST_TARGET_NAME = MyFirst;
			};
			name = Release;
		};
/* End XCBuildConfiguration section */

/* Begin XCConfigurationList section */
		87BB589F262C36A300C8E46A /* Build configuration list for PBXProject "MyFirst" */ = {
			isa = XCConfigurationList;
			buildConfigurations = (
				87BB58CC262C36A400C8E46A /* Debug */,
				87BB58CD262C36A400C8E46A /* Release */,
			);
			defaultConfigurationIsVisible = 0;
			defaultConfigurationName = Release;
		};
		87BB58CE262C36A400C8E46A /* Build configuration list for PBXNativeTarget "MyFirst" */ = {
			isa = XCConfigurationList;
			buildConfigurations = (
				87BB58CF262C36A400C8E46A /* Debug */,
				87BB58D0262C36A400C8E46A /* Release */,
			);
			defaultConfigurationIsVisible = 0;
			defaultConfigurationName = Release;
		};
		87BB58D1262C36A400C8E46A /* Build configuration list for PBXNativeTarget "MyFirstTests" */ = {
			isa = XCConfigurationList;
			buildConfigurations = (
				87BB58D2262C36A400C8E46A /* Debug */,
				87BB58D3262C36A400C8E46A /* Release */,
			);
			defaultConfigurationIsVisible = 0;
			defaultConfigurationName = Release;
		};
		87BB58D4262C36A400C8E46A /* Build configuration list for PBXNativeTarget "MyFirstUITests" */ = {
			isa = XCConfigurationList;
			buildConfigurations = (
				87BB58D5262C36A400C8E46A /* Debug */,
				87BB58D6262C36A400C8E46A /* Release */,
			);
			defaultConfigurationIsVisible = 0;
			defaultConfigurationName = Release;
		};
/* End XCConfigurationList section */

/* Begin XCVersionGroup section */
		87BB58B2262C36A400C8E46A /* MyFirst.xcdatamodeld */ = {
			isa = XCVersionGroup;
			children = (
				87BB58B3262C36A400C8E46A /* MyFirst.xcdatamodel */,
			);
			currentVersion = 87BB58B3262C36A400C8E46A /* MyFirst.xcdatamodel */;
			path = MyFirst.xcdatamodeld;
			sourceTree = "<group>";
			versionGroupType = wrapper.xcdatamodel;
		};
/* End XCVersionGroup section */
	};
	rootObject = 87BB589C262C36A300C8E46A /* Project object */;
}
